
Microsoft Visual Studio Solution File, Format Version 12.00
# Visual Studio Version 16
VisualStudioVersion = 16.0.31205.134
MinimumVisualStudioVersion = 10.0.40219.1
Project("{FAE04EC0-301F-11D3-BF4B-00C04F79EFBC}") = "DeepLom", "DeepLom\DeepLom.csproj", "{ADE30A5F-7A62-406A-8760-AD217B81462E}"
EndProject
Global
	GlobalSection(SolutionConfigurationPlatforms) = preSolution
		Debug|Any CPU = Debug|Any CPU
		Release|Any CPU = Release|Any CPU
	EndGlobalSection
	GlobalSection(ProjectConfigurationPlatforms) = postSolution
		{ADE30A5F-7A62-406A-8760-AD217B81462E}.Debug|Any CPU.ActiveCfg = Debug|Any CPU
		{ADE30A5F-7A62-406A-8760-AD217B81462E}.Debug|Any CPU.Build.0 = Debug|Any CPU
		{ADE30A5F-7A62-406A-8760-AD217B81462E}.Release|Any CPU.ActiveCfg = Release|Any CPU
		{ADE30A5F-7A62-406A-8760-AD217B81462E}.Release|Any CPU.Build.0 = Release|Any CPU
	EndGlobalSection
	GlobalSection(SolutionProperties) = preSolution
		HideSolutionNode = FALSE
	EndGlobalSection
	GlobalSection(ExtensibilityGlobals) = postSolution
		SolutionGuid = {829845BD-2CF2-42C2-9879-18DDD8FE163A}
	EndGlobalSection
EndGlobal
